
Microsoft Visual Studio Solution File, Format Version 12.00
# Visual Studio Version 16
VisualStudioVersion = 16.0.30225.117
MinimumVisualStudioVersion = 10.0.40219.1
Project("{FAE04EC0-301F-11D3-BF4B-00C04F79EFBC}") = "OOP_2.2", "OOP_2.2.csproj", "{D74D39DF-B20E-4F2B-8611-ED93A7F3E3CE}"
EndProject
Global
	GlobalSection(SolutionConfigurationPlatforms) = preSolution
		Debug|Any CPU = Debug|Any CPU
		Release|Any CPU = Release|Any CPU
	EndGlobalSection
	GlobalSection(ProjectConfigurationPlatforms) = postSolution
		{D74D39DF-B20E-4F2B-8611-ED93A7F3E3CE}.Debug|Any CPU.ActiveCfg = Debug|Any CPU
		{D74D39DF-B20E-4F2B-8611-ED93A7F3E3CE}.Debug|Any CPU.Build.0 = Debug|Any CPU
		{D74D39DF-B20E-4F2B-8611-ED93A7F3E3CE}.Release|Any CPU.ActiveCfg = Release|Any CPU
		{D74D39DF-B20E-4F2B-8611-ED93A7F3E3CE}.Release|Any CPU.Build.0 = Release|Any CPU
	EndGlobalSection
	GlobalSection(SolutionProperties) = preSolution
		HideSolutionNode = FALSE
	EndGlobalSection
	GlobalSection(ExtensibilityGlobals) = postSolution
		SolutionGuid = {A419B23A-8D21-4A3F-AC1F-853590B1EC6D}
	EndGlobalSection
EndGlobal
