
Microsoft Visual Studio Solution File, Format Version 12.00
# Visual Studio Version 16
VisualStudioVersion = 16.0.30225.117
MinimumVisualStudioVersion = 10.0.40219.1
Project("{FAE04EC0-301F-11D3-BF4B-00C04F79EFBC}") = "OOP_4.1", "OOP_4.1.csproj", "{C3EE51A7-F0EF-4F07-AF94-488C23E5929A}"
EndProject
Global
	GlobalSection(SolutionConfigurationPlatforms) = preSolution
		Debug|Any CPU = Debug|Any CPU
		Release|Any CPU = Release|Any CPU
	EndGlobalSection
	GlobalSection(ProjectConfigurationPlatforms) = postSolution
		{C3EE51A7-F0EF-4F07-AF94-488C23E5929A}.Debug|Any CPU.ActiveCfg = Debug|Any CPU
		{C3EE51A7-F0EF-4F07-AF94-488C23E5929A}.Debug|Any CPU.Build.0 = Debug|Any CPU
		{C3EE51A7-F0EF-4F07-AF94-488C23E5929A}.Release|Any CPU.ActiveCfg = Release|Any CPU
		{C3EE51A7-F0EF-4F07-AF94-488C23E5929A}.Release|Any CPU.Build.0 = Release|Any CPU
	EndGlobalSection
	GlobalSection(SolutionProperties) = preSolution
		HideSolutionNode = FALSE
	EndGlobalSection
	GlobalSection(ExtensibilityGlobals) = postSolution
		SolutionGuid = {4BD0D57F-9F29-4B38-ACFD-068F409C5326}
	EndGlobalSection
EndGlobal
