
Microsoft Visual Studio Solution File, Format Version 12.00
# Visual Studio Version 16
VisualStudioVersion = 16.0.30907.101
MinimumVisualStudioVersion = 10.0.40219.1
Project("{FAE04EC0-301F-11D3-BF4B-00C04F79EFBC}") = "BL", "BL\BL.csproj", "{90C41F10-7EAF-495D-8AEB-63FFDB09C83F}"
EndProject
Project("{FAE04EC0-301F-11D3-BF4B-00C04F79EFBC}") = "TestProject", "TestProject\TestProject.csproj", "{BC063AC5-B17F-4ECA-AB31-4585423030B8}"
EndProject
Global
	GlobalSection(SolutionConfigurationPlatforms) = preSolution
		Debug|Any CPU = Debug|Any CPU
		Release|Any CPU = Release|Any CPU
	EndGlobalSection
	GlobalSection(ProjectConfigurationPlatforms) = postSolution
		{90C41F10-7EAF-495D-8AEB-63FFDB09C83F}.Debug|Any CPU.ActiveCfg = Debug|Any CPU
		{90C41F10-7EAF-495D-8AEB-63FFDB09C83F}.Debug|Any CPU.Build.0 = Debug|Any CPU
		{90C41F10-7EAF-495D-8AEB-63FFDB09C83F}.Release|Any CPU.ActiveCfg = Release|Any CPU
		{90C41F10-7EAF-495D-8AEB-63FFDB09C83F}.Release|Any CPU.Build.0 = Release|Any CPU
		{BC063AC5-B17F-4ECA-AB31-4585423030B8}.Debug|Any CPU.ActiveCfg = Debug|Any CPU
		{BC063AC5-B17F-4ECA-AB31-4585423030B8}.Debug|Any CPU.Build.0 = Debug|Any CPU
		{BC063AC5-B17F-4ECA-AB31-4585423030B8}.Release|Any CPU.ActiveCfg = Release|Any CPU
		{BC063AC5-B17F-4ECA-AB31-4585423030B8}.Release|Any CPU.Build.0 = Release|Any CPU
	EndGlobalSection
	GlobalSection(SolutionProperties) = preSolution
		HideSolutionNode = FALSE
	EndGlobalSection
	GlobalSection(ExtensibilityGlobals) = postSolution
		SolutionGuid = {E9534966-2037-4BA5-BE9B-8B84A2994856}
	EndGlobalSection
EndGlobal
